
Microsoft Visual Studio Solution File, Format Version 12.00
# Visual Studio Version 17
VisualStudioVersion = 17.13.36105.23 d17.13
MinimumVisualStudioVersion = 10.0.40219.1
Project("{FAE04EC0-301F-11D3-BF4B-00C04F79EFBC}") = "PreExamen", "PreExamen.csproj", "{891A456E-A9DF-4A50-A262-66969EA4CE43}"
EndProject
Global
	GlobalSection(SolutionConfigurationPlatforms) = preSolution
		Debug|Any CPU = Debug|Any CPU
		Release|Any CPU = Release|Any CPU
	EndGlobalSection
	GlobalSection(ProjectConfigurationPlatforms) = postSolution
		{891A456E-A9DF-4A50-A262-66969EA4CE43}.Debug|Any CPU.ActiveCfg = Debug|Any CPU
		{891A456E-A9DF-4A50-A262-66969EA4CE43}.Debug|Any CPU.Build.0 = Debug|Any CPU
		{891A456E-A9DF-4A50-A262-66969EA4CE43}.Release|Any CPU.ActiveCfg = Release|Any CPU
		{891A456E-A9DF-4A50-A262-66969EA4CE43}.Release|Any CPU.Build.0 = Release|Any CPU
	EndGlobalSection
	GlobalSection(SolutionProperties) = preSolution
		HideSolutionNode = FALSE
	EndGlobalSection
	GlobalSection(ExtensibilityGlobals) = postSolution
		SolutionGuid = {156FB9DF-A1B0-438B-9E1B-BF4F387997AF}
	EndGlobalSection
EndGlobal
